
Microsoft Visual Studio Solution File, Format Version 12.00
# Visual Studio Version 16
VisualStudioVersion = 16.0.29102.190
MinimumVisualStudioVersion = 10.0.40219.1
Project("{FAE04EC0-301F-11D3-BF4B-00C04F79EFBC}") = "HerosAndVillains", "HerosAndVillains.csproj", "{5097171C-3151-462C-BC65-260925E6478E}"
EndProject
Project("{FAE04EC0-301F-11D3-BF4B-00C04F79EFBC}") = "HerosVillians.Tests", "..\HerosVillians.Tests\HerosVillians.Tests.csproj", "{980B72A2-C6FB-4607-BFC4-9048CC8F3379}"
EndProject
Global
	GlobalSection(SolutionConfigurationPlatforms) = preSolution
		Debug|Any CPU = Debug|Any CPU
		Release|Any CPU = Release|Any CPU
	EndGlobalSection
	GlobalSection(ProjectConfigurationPlatforms) = postSolution
		{5097171C-3151-462C-BC65-260925E6478E}.Debug|Any CPU.ActiveCfg = Debug|Any CPU
		{5097171C-3151-462C-BC65-260925E6478E}.Debug|Any CPU.Build.0 = Debug|Any CPU
		{5097171C-3151-462C-BC65-260925E6478E}.Release|Any CPU.ActiveCfg = Release|Any CPU
		{5097171C-3151-462C-BC65-260925E6478E}.Release|Any CPU.Build.0 = Release|Any CPU
		{980B72A2-C6FB-4607-BFC4-9048CC8F3379}.Debug|Any CPU.ActiveCfg = Debug|Any CPU
		{980B72A2-C6FB-4607-BFC4-9048CC8F3379}.Debug|Any CPU.Build.0 = Debug|Any CPU
		{980B72A2-C6FB-4607-BFC4-9048CC8F3379}.Release|Any CPU.ActiveCfg = Release|Any CPU
		{980B72A2-C6FB-4607-BFC4-9048CC8F3379}.Release|Any CPU.Build.0 = Release|Any CPU
	EndGlobalSection
	GlobalSection(SolutionProperties) = preSolution
		HideSolutionNode = FALSE
	EndGlobalSection
	GlobalSection(ExtensibilityGlobals) = postSolution
		SolutionGuid = {B10E7FA8-E080-4CB5-9D1E-6E2A3469D858}
	EndGlobalSection
EndGlobal
